{"SurveyEntry":{"SurveyID":"SV_cAUstB0WKlzxM8J","SurveyName":"COVID-19","SurveyDescription":null,"SurveyOwnerID":"UR_9HOjiOUcTXs2tj7","SurveyBrandID":"nhh","DivisionID":null,"SurveyLanguage":"EN","SurveyActiveResponseSet":"RS_2hLNADZo0YapE7X","SurveyStatus":"Active","SurveyStartDate":"0000-00-00 00:00:00","SurveyExpirationDate":"0000-00-00 00:00:00","SurveyCreationDate":"2020-03-30 05:59:06","CreatorID":"UR_9HOjiOUcTXs2tj7","LastModified":"2020-04-17 02:45:26","LastAccessed":"0000-00-00 00:00:00","LastActivated":"2020-04-03 02:29:45","Deleted":null},"SurveyElements":[{"SurveyID":"SV_cAUstB0WKlzxM8J","Element":"BL","PrimaryAttribute":"Survey Blocks","SecondaryAttribute":null,"TertiaryAttribute":null,"Payload":[{"Type":"Default","Description":"Introduksjon","ID":"BL_cZ0KD4Ad0pgdQ8J","BlockElements":[{"Type":"Question","QuestionID":"QID1"}]},{"Type":"Trash","Description":"Trash \/ Unused Questions","ID":"BL_eFezmv8G18A8E8l","BlockElements":[]},{"Type":"Standard","SubType":"","Description":"Question - Norwegian","ID":"BL_6A7V2up9LY9UVmt","BlockElements":[{"Type":"Question","QuestionID":"QID2"},{"Type":"Page Break"},{"Type":"Question","QuestionID":"QID3"},{"Type":"Page Break"},{"Type":"Question","QuestionID":"QID5"},{"Type":"Question","QuestionID":"QID6"},{"Type":"Question","QuestionID":"QID10"},{"Type":"Question","QuestionID":"QID36"},{"Type":"Question","QuestionID":"QID16"},{"Type":"Question","QuestionID":"QID11"},{"Type":"Question","QuestionID":"QID12"},{"Type":"Question","QuestionID":"QID13"},{"Type":"Question","QuestionID":"QID14"},{"Type":"Question","QuestionID":"QID15"},{"Type":"Question","QuestionID":"QID17"},{"Type":"Question","QuestionID":"QID19"},{"Type":"Question","QuestionID":"QID20"},{"Type":"Question","QuestionID":"QID21"},{"Type":"Question","QuestionID":"QID22"},{"Type":"Page Break"},{"Type":"Question","QuestionID":"QID23"},{"Type":"Question","QuestionID":"QID25"},{"Type":"Question","QuestionID":"QID26"},{"Type":"Question","QuestionID":"QID27"},{"Type":"Page Break"},{"Type":"Question","QuestionID":"QID28"},{"Type":"Question","QuestionID":"QID29"},{"Type":"Question","QuestionID":"QID30"},{"Type":"Question","QuestionID":"QID35"},{"Type":"Question","QuestionID":"QID32"}]}]},{"SurveyID":"SV_cAUstB0WKlzxM8J","Element":"FL","PrimaryAttribute":"Survey Flow","SecondaryAttribute":null,"TertiaryAttribute":null,"Payload":{"Type":"Root","FlowID":"FL_1","Flow":[{"Type":"Block","ID":"BL_cZ0KD4Ad0pgdQ8J","FlowID":"FL_2"},{"Type":"Branch","FlowID":"FL_5","Description":"New Branch","BranchLogic":{"0":{"0":{"LogicType":"Question","QuestionID":"QID1","QuestionIsInLoop":"no","ChoiceLocator":"q:\/\/QID1\/SelectableChoice\/4","Operator":"Selected","QuestionIDFromLocator":"QID1","LeftOperand":"q:\/\/QID1\/SelectableChoice\/4","Type":"Expression","Description":"<span class=\"ConjDesc\">If<\/span> <span class=\"QuestionDesc\">Velkommen.\n&amp;nbsp;\n\nI forbindelse med COVID-19 utbruddet i Norge \u00f8nsker vi \u00e5 skape en oversikt over omr\u00e5dene norske \u00f8konomer er enige om og hvor det hersker faglig uenighet.&amp;nbsp;\n\n&amp;nbsp;\n\nP\u00e5 de f\u00f8l...<\/span> <span class=\"LeftOpDesc\">Ja<\/span> <span class=\"OpDesc\">Is Selected<\/span> "},"Type":"If"},"Type":"BooleanExpression"},"Flow":[{"Type":"Standard","ID":"BL_6A7V2up9LY9UVmt","FlowID":"FL_3"}]},{"Type":"EndSurvey","FlowID":"FL_4","EndingType":"Advanced","Options":{"Advanced":"true","SurveyTermination":"DisplayMessage","EOSMessageLibrary":"UR_9HOjiOUcTXs2tj7","EOSMessage":"MS_2cqTBAtMDU40Q0l","EOSRedirectURL":"http:\/\/www.qualtrics.com"}}],"Properties":{"Count":5,"RemovedFieldsets":[]}}},{"SurveyID":"SV_cAUstB0WKlzxM8J","Element":"SO","PrimaryAttribute":"Survey Options","SecondaryAttribute":null,"TertiaryAttribute":null,"Payload":{"BackButton":"false","SaveAndContinue":"true","SurveyProtection":"PublicSurvey","BallotBoxStuffingPrevention":"false","NoIndex":"Yes","SecureResponseFiles":"true","SurveyExpiration":null,"SurveyTermination":"DefaultMessage","Header":"","Footer":"","ProgressBarDisplay":"None","PartialData":"+1 week","ValidationMessage":null,"PreviousButton":" \u2190 ","NextButton":" \u2192 ","SurveyTitle":"Online Survey Software | Qualtrics Survey Solutions","SkinLibrary":"nhh","SkinType":"MQ","Skin":"nhh3","NewScoring":1,"EOSMessage":"","ShowExportTags":"false","CollectGeoLocation":"false","SurveyMetaDescription":"Qualtrics sophisticated online survey software solutions make creating online surveys easy. Learn more about Research Suite and get a free account today.","PasswordProtection":"No","AnonymizeResponse":"No","Password":"","RefererCheck":"No","RefererURL":"http:\/\/","UseCustomSurveyLinkCompletedMessage":null,"SurveyLinkCompletedMessage":"","SurveyLinkCompletedMessageLibrary":"","ResponseSummary":"No","EOSMessageLibrary":"","EOSRedirectURL":"https:\/\/","EmailThankYou":"false","ThankYouEmailMessageLibrary":null,"ThankYouEmailMessage":null,"ValidateMessage":"false","ValidationMessageLibrary":null,"InactiveSurvey":"DefaultMessage","PartialDataCloseAfter":"LastActivity","ActiveResponseSet":null,"InactiveMessageLibrary":"","InactiveMessage":"","AvailableLanguages":{"EN":[]},"ProtectSelectionIds":true}},{"SurveyID":"SV_cAUstB0WKlzxM8J","Element":"SCO","PrimaryAttribute":"Scoring","SecondaryAttribute":null,"TertiaryAttribute":null,"Payload":{"ScoringCategories":[],"ScoringCategoryGroups":[],"ScoringSummaryCategory":null,"ScoringSummaryAfterQuestions":0,"ScoringSummaryAfterSurvey":0,"DefaultScoringCategory":null,"AutoScoringCategory":null}},{"SurveyID":"SV_cAUstB0WKlzxM8J","Element":"PROJ","PrimaryAttribute":"CORE","SecondaryAttribute":null,"TertiaryAttribute":"1.1.0","Payload":{"ProjectCategory":"CORE","SchemaVersion":"1.1.0"}},{"SurveyID":"SV_cAUstB0WKlzxM8J","Element":"STAT","PrimaryAttribute":"Survey Statistics","SecondaryAttribute":null,"TertiaryAttribute":null,"Payload":{"MobileCompatible":true,"ID":"Survey Statistics"}},{"SurveyID":"SV_cAUstB0WKlzxM8J","Element":"QC","PrimaryAttribute":"Survey Question Count","SecondaryAttribute":"36","TertiaryAttribute":null,"Payload":null},{"SurveyID":"SV_cAUstB0WKlzxM8J","Element":"SQ","PrimaryAttribute":"QID32","SecondaryAttribute":"Andre synspunkter til den p\u00e5g\u00e5ende krisen eller denne studien.","TertiaryAttribute":null,"Payload":{"QuestionText":"<p>Andre synspunkter til den p\u00e5g\u00e5ende krisen eller denne studien.<\/p>","DefaultChoices":false,"DataExportTag":"Q27","QuestionType":"TE","Selector":"ML","DataVisibility":{"Private":false,"Hidden":false},"Configuration":{"QuestionDescriptionOption":"UseText","InputWidth":579,"InputHeight":62},"QuestionDescription":"Andre synspunkter til den p\u00e5g\u00e5ende krisen eller denne studien.","Validation":{"Settings":{"ForceResponse":"OFF","ForceResponseType":"ON","Type":"None"}},"GradingData":[],"Language":[],"NextChoiceId":4,"NextAnswerId":1,"SearchSource":{"AllowFreeResponse":"false"},"QuestionID":"QID32","QuestionText_Unsafe":"<p>Andre synspunkter til den p\u00e5g\u00e5ende krisen eller denne studien.<\/p>"}},{"SurveyID":"SV_cAUstB0WKlzxM8J","Element":"SQ","PrimaryAttribute":"QID26","SecondaryAttribute":"Arbeidsledige og permitterte som er i ferd med \u00e5 g\u00e5 ut maksperioden p\u00e5 dagpenger, f\u00e5r utvidet da","TertiaryAttribute":null,"Payload":{"QuestionText":"<p>Arbeidsledige og permitterte som er i ferd med \u00e5 g\u00e5 ut maksperioden p\u00e5 dagpenger, f\u00e5r utvidet dagpengeperioden sin ut juni m\u00e5ned.<\/p>","DefaultChoices":false,"DataExportTag":"Q21","QuestionType":"MC","Selector":"SAHR","SubSelector":"TX","DataVisibility":{"Private":false,"Hidden":false},"Configuration":{"QuestionDescriptionOption":"UseText","LabelPosition":"BELOW"},"QuestionDescription":"Arbeidsledige og permitterte som er i ferd med \u00e5 g\u00e5 ut maksperioden p\u00e5 dagpenger, f\u00e5r utvidet dag...","Choices":{"1":{"Display":"0 -helt uenig"},"2":{"Display":"1"},"3":{"Display":"2"},"4":{"Display":"3"},"5":{"Display":"4"},"6":{"Display":"5"},"7":{"Display":"6"},"8":{"Display":"7"},"9":{"Display":"8"},"10":{"Display":"9"},"11":{"Display":"10 - helt enig"}},"ChoiceOrder":[1,2,3,4,5,6,7,8,9,10,11],"Validation":{"Settings":{"ForceResponse":"ON","ForceResponseType":"ON","Type":"None"}},"GradingData":[],"Language":[],"NextChoiceId":12,"NextAnswerId":3,"QuestionID":"QID26","QuestionText_Unsafe":"<p>Arbeidsledige og permitterte som er i ferd med \u00e5 g\u00e5 ut maksperioden p\u00e5 dagpenger, f\u00e5r utvidet dagpengeperioden sin ut juni m\u00e5ned.<\/p>"}},{"SurveyID":"SV_cAUstB0WKlzxM8J","Element":"SQ","PrimaryAttribute":"QID12","SecondaryAttribute":"Bedrifter b\u00f8r f\u00e5 full kompensasjon for \u00f8konomiske tap som er en f\u00f8lge av myndighetenes smittever","TertiaryAttribute":null,"Payload":{"QuestionText":"<p>Bedrifter b\u00f8r f\u00e5 full kompensasjon for \u00f8konomiske tap som er en f\u00f8lge av myndighetenes smitteverntiltak.<\/p>","DefaultChoices":false,"DataExportTag":"Q10","QuestionType":"MC","Selector":"SAHR","SubSelector":"TX","DataVisibility":{"Private":false,"Hidden":false},"Configuration":{"QuestionDescriptionOption":"UseText","LabelPosition":"BELOW"},"QuestionDescription":"Bedrifter b\u00f8r f\u00e5 full kompensasjon for \u00f8konomiske tap som er en f\u00f8lge av myndighetenes smittevern...","Choices":{"1":{"Display":"0 -helt uenig"},"2":{"Display":"1"},"3":{"Display":"2"},"4":{"Display":"3"},"5":{"Display":"4"},"6":{"Display":"5"},"7":{"Display":"6"},"8":{"Display":"7"},"9":{"Display":"8"},"10":{"Display":"9"},"11":{"Display":"10 - helt enig"}},"ChoiceOrder":[1,2,3,4,5,6,7,8,9,10,11],"Validation":{"Settings":{"ForceResponse":"ON","ForceResponseType":"ON","Type":"None"}},"GradingData":[],"Language":[],"NextChoiceId":12,"NextAnswerId":3,"QuestionID":"QID12","QuestionText_Unsafe":"<p>Bedrifter b\u00f8r f\u00e5 full kompensasjon for \u00f8konomiske tap som er en f\u00f8lge av myndighetenes smitteverntiltak.<\/p>"}},{"SurveyID":"SV_cAUstB0WKlzxM8J","Element":"SQ","PrimaryAttribute":"QID22","SecondaryAttribute":"Coronakrisen vil f\u00f8re til at folk har st\u00f8rre tillit til hverandre i Norge.","TertiaryAttribute":null,"Payload":{"QuestionText":"<p>Coronakrisen vil f\u00f8re til at folk har st\u00f8rre tillit til hverandre i Norge.<\/p>","DefaultChoices":false,"DataExportTag":"Q18","QuestionType":"MC","Selector":"SAHR","SubSelector":"TX","DataVisibility":{"Private":false,"Hidden":false},"Configuration":{"QuestionDescriptionOption":"UseText","LabelPosition":"BELOW"},"QuestionDescription":"Coronakrisen vil f\u00f8re til at folk har st\u00f8rre tillit til hverandre i Norge.","Choices":{"1":{"Display":"0 -helt uenig"},"2":{"Display":"1"},"3":{"Display":"2"},"4":{"Display":"3"},"5":{"Display":"4"},"6":{"Display":"5"},"7":{"Display":"6"},"8":{"Display":"7"},"9":{"Display":"8"},"10":{"Display":"9"},"11":{"Display":"10 - helt enig"}},"ChoiceOrder":[1,2,3,4,5,6,7,8,9,10,11],"Validation":{"Settings":{"ForceResponse":"ON","ForceResponseType":"ON","Type":"None"}},"GradingData":[],"Language":[],"NextChoiceId":12,"NextAnswerId":3,"QuestionID":"QID22","QuestionText_Unsafe":"<p>Coronakrisen vil f\u00f8re til at folk har st\u00f8rre tillit til hverandre i Norge.<\/p>"}},{"SurveyID":"SV_cAUstB0WKlzxM8J","Element":"SQ","PrimaryAttribute":"QID21","SecondaryAttribute":"Coronakrisen vil styrke tilliten til eksperter blant allmennbefolkningen i Norge.","TertiaryAttribute":null,"Payload":{"QuestionText":"<p>Coronakrisen vil styrke tilliten til eksperter blant allmennbefolkningen i Norge.<\/p>","DefaultChoices":false,"DataExportTag":"Q17","QuestionType":"MC","Selector":"SAHR","SubSelector":"TX","DataVisibility":{"Private":false,"Hidden":false},"Configuration":{"QuestionDescriptionOption":"UseText","LabelPosition":"BELOW"},"QuestionDescription":"Coronakrisen vil styrke tilliten til eksperter blant allmennbefolkningen i Norge.","Choices":{"1":{"Display":"0 -helt uenig"},"2":{"Display":"1"},"3":{"Display":"2"},"4":{"Display":"3"},"5":{"Display":"4"},"6":{"Display":"5"},"7":{"Display":"6"},"8":{"Display":"7"},"9":{"Display":"8"},"10":{"Display":"9"},"11":{"Display":"10 - helt enig"}},"ChoiceOrder":[1,2,3,4,5,6,7,8,9,10,11],"Validation":{"Settings":{"ForceResponse":"ON","ForceResponseType":"ON","Type":"None"}},"GradingData":[],"Language":[],"NextChoiceId":12,"NextAnswerId":3,"QuestionID":"QID21","QuestionText_Unsafe":"<p>Coronakrisen vil styrke tilliten til eksperter blant allmennbefolkningen i Norge.<\/p>"}},{"SurveyID":"SV_cAUstB0WKlzxM8J","Element":"SQ","PrimaryAttribute":"QID20","SecondaryAttribute":"Coronakrisen vil styrke tilliten til norske myndigheter blant allmennbefolkningen i Norge.","TertiaryAttribute":null,"Payload":{"QuestionText":"<p>Coronakrisen vil styrke tilliten til norske myndigheter blant allmennbefolkningen i Norge.<\/p><p><br><\/p>","DefaultChoices":false,"DataExportTag":"Q16","QuestionType":"MC","Selector":"SAHR","SubSelector":"TX","DataVisibility":{"Private":false,"Hidden":false},"Configuration":{"QuestionDescriptionOption":"UseText","LabelPosition":"BELOW"},"QuestionDescription":"Coronakrisen vil styrke tilliten til norske myndigheter blant allmennbefolkningen i Norge.","Choices":{"1":{"Display":"0 -helt uenig"},"2":{"Display":"1"},"3":{"Display":"2"},"4":{"Display":"3"},"5":{"Display":"4"},"6":{"Display":"5"},"7":{"Display":"6"},"8":{"Display":"7"},"9":{"Display":"8"},"10":{"Display":"9"},"11":{"Display":"10 - helt enig"}},"ChoiceOrder":[1,2,3,4,5,6,7,8,9,10,11],"Validation":{"Settings":{"ForceResponse":"ON","ForceResponseType":"ON","Type":"None"}},"GradingData":[],"Language":[],"NextChoiceId":12,"NextAnswerId":3,"QuestionID":"QID20","QuestionText_Unsafe":"<p>Coronakrisen vil styrke tilliten til norske myndigheter blant allmennbefolkningen i Norge.<\/p><p><br><\/p>"}},{"SurveyID":"SV_cAUstB0WKlzxM8J","Element":"RS","PrimaryAttribute":"RS_2hLNADZo0YapE7X","SecondaryAttribute":"Default Response Set","TertiaryAttribute":null,"Payload":null},{"SurveyID":"SV_cAUstB0WKlzxM8J","Element":"SQ","PrimaryAttribute":"QID16","SecondaryAttribute":"Det er behov for omfattende motkonjunkturpolitikk i Norge allerede n\u00e5 \u2013 mens smitteverntiltakene.","TertiaryAttribute":null,"Payload":{"QuestionText":"<p>Det er behov for omfattende motkonjunkturpolitikk i Norge allerede n\u00e5 \u2013 mens smitteverntiltakene p\u00e5g\u00e5r.<\/p>","DefaultChoices":false,"DataExportTag":"Q8","QuestionType":"MC","Selector":"SAHR","SubSelector":"TX","DataVisibility":{"Private":false,"Hidden":false},"Configuration":{"QuestionDescriptionOption":"UseText","LabelPosition":"BELOW"},"QuestionDescription":"Det er behov for omfattende motkonjunkturpolitikk i Norge allerede n\u00e5 \u2013 mens smitteverntiltakene...","Choices":{"1":{"Display":"0 -helt uenig"},"2":{"Display":"1"},"3":{"Display":"2"},"4":{"Display":"3"},"5":{"Display":"4"},"6":{"Display":"5"},"7":{"Display":"6"},"8":{"Display":"7"},"9":{"Display":"8"},"10":{"Display":"9"},"11":{"Display":"10 - helt enig"}},"ChoiceOrder":[1,2,3,4,5,6,7,8,9,10,11],"Validation":{"Settings":{"ForceResponse":"ON","ForceResponseType":"ON","Type":"None"}},"GradingData":[],"Language":[],"NextChoiceId":12,"NextAnswerId":3,"QuestionID":"QID16","QuestionText_Unsafe":"<p>Det er behov for omfattende motkonjunkturpolitikk i Norge allerede n\u00e5 \u2013 mens smitteverntiltakene p\u00e5g\u00e5r.<\/p>"}},{"SurveyID":"SV_cAUstB0WKlzxM8J","Element":"SQ","PrimaryAttribute":"QID14","SecondaryAttribute":"Det er effektivt \u00e5 st\u00f8tte bedrifter som har \u00f8konomiske tap som er en f\u00f8lge av myndighetenes smit","TertiaryAttribute":null,"Payload":{"QuestionText":"<p>Det er effektivt \u00e5 st\u00f8tte bedrifter som har \u00f8konomiske tap som er en f\u00f8lge av myndighetenes smitteverntiltak, siden mange av disse bedriftene vil v\u00e6re levedyktige n\u00e5r myndighetene avslutter smitteverntiltakene.<\/p>","DefaultChoices":false,"DataExportTag":"Q12","QuestionType":"MC","Selector":"SAHR","SubSelector":"TX","DataVisibility":{"Private":false,"Hidden":false},"Configuration":{"QuestionDescriptionOption":"UseText","LabelPosition":"BELOW"},"QuestionDescription":"Det er effektivt \u00e5 st\u00f8tte bedrifter som har \u00f8konomiske tap som er en f\u00f8lge av myndighetenes smitt...","Choices":{"1":{"Display":"0 -helt uenig"},"2":{"Display":"1"},"3":{"Display":"2"},"4":{"Display":"3"},"5":{"Display":"4"},"6":{"Display":"5"},"7":{"Display":"6"},"8":{"Display":"7"},"9":{"Display":"8"},"10":{"Display":"9"},"11":{"Display":"10 - helt enig"}},"ChoiceOrder":[1,2,3,4,5,6,7,8,9,10,11],"Validation":{"Settings":{"ForceResponse":"ON","ForceResponseType":"ON","Type":"None"}},"GradingData":[],"Language":[],"NextChoiceId":12,"NextAnswerId":3,"QuestionID":"QID14","QuestionText_Unsafe":"<p>Det er effektivt \u00e5 st\u00f8tte bedrifter som har \u00f8konomiske tap som er en f\u00f8lge av myndighetenes smitteverntiltak, siden mange av disse bedriftene vil v\u00e6re levedyktige n\u00e5r myndighetene avslutter smitteverntiltakene.<\/p>"}},{"SurveyID":"SV_cAUstB0WKlzxM8J","Element":"SQ","PrimaryAttribute":"QID36","SecondaryAttribute":"Det vil v\u00e6re behov for omfattende motkonjunkturpolitikk i Norge etter at myndighetene har avslutt..","TertiaryAttribute":null,"Payload":{"QuestionText":"<p>Det vil v\u00e6re behov for omfattende motkonjunkturpolitikk i Norge etter at myndighetene har avsluttet smitteverntiltakene.<\/p>","DefaultChoices":false,"DataExportTag":"Q7","QuestionType":"MC","Selector":"SAHR","SubSelector":"TX","DataVisibility":{"Private":false,"Hidden":false},"Configuration":{"QuestionDescriptionOption":"UseText","LabelPosition":"BELOW"},"QuestionDescription":"Det vil v\u00e6re behov for omfattende motkonjunkturpolitikk i Norge etter at myndighetene har avslutt...","Choices":{"1":{"Display":"0 -helt uenig"},"2":{"Display":"1"},"3":{"Display":"2"},"4":{"Display":"3"},"5":{"Display":"4"},"6":{"Display":"5"},"7":{"Display":"6"},"8":{"Display":"7"},"9":{"Display":"8"},"10":{"Display":"9"},"11":{"Display":"10 - helt enig"}},"ChoiceOrder":[1,2,3,4,5,6,7,8,9,10,11],"Validation":{"Settings":{"ForceResponse":"ON","ForceResponseType":"ON","Type":"None"}},"GradingData":[],"Language":[],"NextChoiceId":12,"NextAnswerId":3,"QuestionID":"QID36","QuestionText_Unsafe":"<p>Det vil v\u00e6re behov for omfattende motkonjunkturpolitikk i Norge etter at myndighetene har avsluttet smitteverntiltakene.<\/p>"}},{"SurveyID":"SV_cAUstB0WKlzxM8J","Element":"SQ","PrimaryAttribute":"QID13","SecondaryAttribute":"Det vil v\u00e6re rettferdig \u00e5 gi bedrifter full kompensasjon for \u00f8konomiske tap som er en f\u00f8lge av m","TertiaryAttribute":null,"Payload":{"QuestionText":"<p>Det vil v\u00e6re rettferdig \u00e5 gi bedrifter full kompensasjon for \u00f8konomiske tap som er en f\u00f8lge av myndighetenes smitteverntiltak, siden disse tiltakene er utenfor bedriftenes kontroll og gjennomf\u00f8res for fellesskapet beste.<\/p>","DefaultChoices":false,"DataExportTag":"Q11","QuestionType":"MC","Selector":"SAHR","SubSelector":"TX","DataVisibility":{"Private":false,"Hidden":false},"Configuration":{"QuestionDescriptionOption":"UseText","LabelPosition":"BELOW"},"QuestionDescription":"Det vil v\u00e6re rettferdig \u00e5 gi bedrifter full kompensasjon for \u00f8konomiske tap som er en f\u00f8lge av my...","Choices":{"1":{"Display":"0 -helt uenig"},"2":{"Display":"1"},"3":{"Display":"2"},"4":{"Display":"3"},"5":{"Display":"4"},"6":{"Display":"5"},"7":{"Display":"6"},"8":{"Display":"7"},"9":{"Display":"8"},"10":{"Display":"9"},"11":{"Display":"10 - helt enig"}},"ChoiceOrder":[1,2,3,4,5,6,7,8,9,10,11],"Validation":{"Settings":{"ForceResponse":"ON","ForceResponseType":"ON","Type":"None"}},"GradingData":[],"Language":[],"NextChoiceId":12,"NextAnswerId":3,"QuestionID":"QID13","QuestionText_Unsafe":"<p>Det vil v\u00e6re rettferdig \u00e5 gi bedrifter full kompensasjon for \u00f8konomiske tap som er en f\u00f8lge av myndighetenes smitteverntiltak, siden disse tiltakene er utenfor bedriftenes kontroll og gjennomf\u00f8res for fellesskapet beste.<\/p>"}},{"SurveyID":"SV_cAUstB0WKlzxM8J","Element":"SQ","PrimaryAttribute":"QID6","SecondaryAttribute":"Effekten av koronakrisen for verdens\u00f8konomien blir kortvarig: om ett \u00e5r er veksten i verdens\u00f8kono","TertiaryAttribute":null,"Payload":{"QuestionText":"<p>Effekten av koronakrisen for verdens\u00f8konomien blir kortvarig: om ett \u00e5r er veksten i verdens\u00f8konomien akkurat som f\u00f8r krisen.<\/p>","DefaultChoices":false,"DataExportTag":"Q5","QuestionID":"QID6","QuestionType":"MC","Selector":"SAHR","SubSelector":"TX","DataVisibility":{"Private":false,"Hidden":false},"Configuration":{"QuestionDescriptionOption":"UseText","LabelPosition":"BELOW"},"QuestionDescription":"Effekten av koronakrisen for verdens\u00f8konomien blir kortvarig: om ett \u00e5r er veksten i verdens\u00f8kono...","Choices":{"1":{"Display":"0 - helt uenig"},"2":{"Display":"1"},"3":{"Display":"2"},"4":{"Display":"3"},"5":{"Display":"4"},"6":{"Display":"5"},"7":{"Display":"6"},"8":{"Display":"7"},"9":{"Display":"8"},"10":{"Display":"9"},"11":{"Display":"10 - helt enig"}},"ChoiceOrder":[1,2,3,4,5,6,7,8,9,10,11],"Validation":{"Settings":{"ForceResponse":"ON","ForceResponseType":"ON","Type":"None"}},"GradingData":[],"Language":[],"NextChoiceId":12,"NextAnswerId":3,"QuestionText_Unsafe":"<p>Effekten av koronakrisen for verdens\u00f8konomien blir kortvarig: om ett \u00e5r er veksten i verdens\u00f8konomien akkurat som f\u00f8r krisen.<\/p>"}},{"SurveyID":"SV_cAUstB0WKlzxM8J","Element":"SQ","PrimaryAttribute":"QID3","SecondaryAttribute":"Hva tror du arbeidsledigheten er i Norge ved utgangen av 2020? (Antall registrerte helt arbeidsle...","TertiaryAttribute":null,"Payload":{"QuestionText":"<p>Hva tror du arbeidsledigheten er i Norge ved utgangen av 2020? (Antall registrerte helt arbeidsledige i prosent av arbeidsstyrken)<\/p>","DefaultChoices":false,"DataExportTag":"Q3","QuestionID":"QID3","QuestionType":"TE","Selector":"SL","Configuration":{"QuestionDescriptionOption":"UseText","InputWidth":111,"InputHeight":29},"QuestionDescription":"Hva tror du arbeidsledigheten er i Norge ved utgangen av 2020? (Antall registrerte helt arbeidsle...","Validation":{"Settings":{"ForceResponse":"ON","ForceResponseType":"ON","Type":"CustomValidation","ValidDateType":"DateWithFormat","ValidPhoneType":"ValidUSPhone","ValidZipType":"ValidUSZip","CustomValidation":{"Logic":{"0":{"0":{"QuestionID":"QID3","QuestionIsInLoop":"no","ChoiceLocator":"q:\/\/QID3\/ChoiceTextEntryValue","Operator":"GreaterThanOrEqual","QuestionIDFromLocator":"QID3","LeftOperand":"q:\/\/QID3\/ChoiceTextEntryValue","RightOperand":"0","Type":"Expression","LogicType":"Question","Description":"<span class=\"ConjDesc\">If<\/span> <span class=\"QuestionDesc\">Hva tror du arbeidsledigheten er i Norge ved utgangen av 2020? (Antall registrerte helt arbeidsle...<\/span> <span class=\"LeftOpDesc\">Text Response<\/span> <span class=\"OpDesc\">Is Greater Than or Equal to<\/span> <span class=\"RightOpDesc\"> 0 <\/span>"},"1":{"QuestionID":"QID3","QuestionIsInLoop":"no","ChoiceLocator":"q:\/\/QID3\/ChoiceTextEntryValue","Operator":"LessThanOrEqual","QuestionIDFromLocator":"QID3","LeftOperand":"q:\/\/QID3\/ChoiceTextEntryValue","RightOperand":"100","Type":"Expression","LogicType":"Question","Description":"<span class=\"ConjDesc\">And<\/span> <span class=\"QuestionDesc\">Hva tror du arbeidsledigheten er i Norge ved utgangen av 2020? (Antall registrerte helt arbeidsle...<\/span> <span class=\"LeftOpDesc\">Text Response<\/span> <span class=\"OpDesc\">Is Less Than or Equal to<\/span> <span class=\"RightOpDesc\"> 100 <\/span>","Conjuction":"And"},"Type":"If"},"Type":"BooleanExpression"},"Message":{"messageID":null,"subMessageID":"VE_VALIDNUMBER","libraryID":null,"description":"Require valid number"}}}},"GradingData":[],"Language":[],"NextChoiceId":4,"NextAnswerId":1,"SearchSource":{"AllowFreeResponse":"false"},"QuestionText_Unsafe":"<p>Hva tror du arbeidsledigheten er i Norge ved utgangen av 2020? (Antall registrerte helt arbeidsledige i prosent av arbeidsstyrken)<\/p>","DataVisibility":{"Private":false,"Hidden":false}}},{"SurveyID":"SV_cAUstB0WKlzxM8J","Element":"SQ","PrimaryAttribute":"QID2","SecondaryAttribute":"Hva tror du endringen i fastlands-BNP (i faste priser) blir for Norge for hele 2020?","TertiaryAttribute":null,"Payload":{"QuestionText":"<p>Hva tror du endringen i fastlands-BNP (i faste priser) blir for Norge for hele 2020?<\/p>","DataExportTag":"Q2","QuestionType":"MC","Selector":"SAVR","SubSelector":"TX","Configuration":{"QuestionDescriptionOption":"UseText"},"QuestionDescription":"Hva tror du endringen i fastlands-BNP (i faste priser) blir for Norge for hele 2020?","Choices":{"1":{"Display":"En \u00f8kning (positiv vekst)"},"2":{"Display":"Uendret (null realvekst)"},"3":{"Display":"En nedgang p\u00e5 opptil 5 prosent"},"4":{"Display":"En nedgang p\u00e5 mer enn 5 prosent"}},"ChoiceOrder":["1","2","3","4"],"Validation":{"Settings":{"ForceResponse":"ON","ForceResponseType":"ON","Type":"None"}},"Language":[],"NextChoiceId":5,"NextAnswerId":1,"QuestionID":"QID2","QuestionText_Unsafe":"<p>Hva tror du endringen i fastlands-BNP (i faste priser) blir for Norge for hele 2020?<\/p>","DataVisibility":{"Private":false,"Hidden":false}}},{"SurveyID":"SV_cAUstB0WKlzxM8J","Element":"SQ","PrimaryAttribute":"QID29","SecondaryAttribute":"Hvilket av smitteverntiltakene er mest skadelig for norsk \u00f8konomi?","TertiaryAttribute":null,"Payload":{"QuestionText":"<p>Hvilket av smitteverntiltakene er mest skadelig for norsk \u00f8konomi?<\/p>","DefaultChoices":false,"DataExportTag":"Q24","QuestionID":"QID29","QuestionType":"TE","Selector":"ML","Configuration":{"QuestionDescriptionOption":"UseText","InputWidth":580,"InputHeight":61},"QuestionDescription":"Hvilket av smitteverntiltakene er mest skadelig for norsk \u00f8konomi?","Validation":{"Settings":{"ForceResponse":"OFF","ForceResponseType":"ON","Type":"None"}},"GradingData":[],"Language":[],"NextChoiceId":4,"NextAnswerId":1,"SearchSource":{"AllowFreeResponse":"false"},"QuestionText_Unsafe":"<p>Hvilket av smitteverntiltakene er mest skadelig for norsk \u00f8konomi?<\/p>","DataVisibility":{"Private":false,"Hidden":false}}},{"SurveyID":"SV_cAUstB0WKlzxM8J","Element":"SQ","PrimaryAttribute":"QID30","SecondaryAttribute":"Hvilket \u00f8konomiske tiltak er det viktigste at myndighetene gjennomf\u00f8rer n\u00e5?","TertiaryAttribute":null,"Payload":{"QuestionText":"<p>Hvilket \u00f8konomiske tiltak er det viktigste at myndighetene gjennomf\u00f8rer n\u00e5?<\/p>","DefaultChoices":false,"DataExportTag":"Q25","QuestionType":"TE","Selector":"ML","DataVisibility":{"Private":false,"Hidden":false},"Configuration":{"QuestionDescriptionOption":"UseText","InputWidth":580,"InputHeight":61},"QuestionDescription":"Hvilket \u00f8konomiske tiltak er det viktigste at myndighetene gjennomf\u00f8rer n\u00e5?","Validation":{"Settings":{"ForceResponse":"OFF","ForceResponseType":"ON","Type":"None"}},"GradingData":[],"Language":[],"NextChoiceId":4,"NextAnswerId":1,"SearchSource":{"AllowFreeResponse":"false"},"QuestionID":"QID30","QuestionText_Unsafe":"<p>Hvilket \u00f8konomiske tiltak er det viktigste at myndighetene gjennomf\u00f8rer n\u00e5?<\/p>"}},{"SurveyID":"SV_cAUstB0WKlzxM8J","Element":"SQ","PrimaryAttribute":"QID35","SecondaryAttribute":"Hvilket \u00f8konomiske tiltak er det viktigste at myndighetene gjennomf\u00f8rer n\u00e5r smitteverntiltakene o","TertiaryAttribute":null,"Payload":{"QuestionText":"<p>Hvilket \u00f8konomiske tiltak er det viktigste at myndighetene gjennomf\u00f8rer n\u00e5r smitteverntiltakene oppheves?<\/p>","DefaultChoices":false,"DataExportTag":"Q26","QuestionType":"TE","Selector":"ML","DataVisibility":{"Private":false,"Hidden":false},"Configuration":{"QuestionDescriptionOption":"UseText","InputWidth":580,"InputHeight":61},"QuestionDescription":"Hvilket \u00f8konomiske tiltak er det viktigste at myndighetene gjennomf\u00f8rer n\u00e5r smitteverntiltakene o...","Validation":{"Settings":{"ForceResponse":"OFF","ForceResponseType":"ON","Type":"None"}},"GradingData":[],"Language":[],"NextChoiceId":4,"NextAnswerId":1,"SearchSource":{"AllowFreeResponse":"false"},"QuestionID":"QID35","QuestionText_Unsafe":"<p>Hvilket \u00f8konomiske tiltak er det viktigste at myndighetene gjennomf\u00f8rer n\u00e5r smitteverntiltakene oppheves?<\/p>"}},{"SurveyID":"SV_cAUstB0WKlzxM8J","Element":"SQ","PrimaryAttribute":"QID5","SecondaryAttribute":"I hvor stor grad er du enig eller uenig med f\u00f8lgende utsagn:","TertiaryAttribute":null,"Payload":{"QuestionText":"<strong>I hvor stor grad er du enig eller uenig med f\u00f8lgende utsagn:<\/strong>","DefaultChoices":false,"DataExportTag":"Q4","QuestionID":"QID5","QuestionType":"DB","Selector":"TB","Configuration":{"QuestionDescriptionOption":"UseText"},"QuestionDescription":"I hvor stor grad er du enig eller uenig med f\u00f8lgende utsagn:","ChoiceOrder":[],"Validation":{"Settings":{"Type":"None"}},"GradingData":[],"Language":[],"NextChoiceId":4,"NextAnswerId":1,"QuestionText_Unsafe":"<strong>I hvor stor grad er du enig eller uenig med f\u00f8lgende utsagn:<\/strong>","DataVisibility":{"Private":false,"Hidden":false}}},{"SurveyID":"SV_cAUstB0WKlzxM8J","Element":"SQ","PrimaryAttribute":"QID17","SecondaryAttribute":"Myndighetene b\u00f8r gjennomf\u00f8re\u00a0en uniform kontantoverf\u00f8ring\u00a0til alle husstander i Norge s\u00e5 raskt","TertiaryAttribute":null,"Payload":{"QuestionText":"<p>Myndighetene b\u00f8r gjennomf\u00f8re&nbsp;en uniform kontantoverf\u00f8ring&nbsp;til alle husstander i Norge s\u00e5 raskt som mulig, det vil v\u00e6re en effektiv og ubyr\u00e5kratisk m\u00e5te \u00e5 m\u00f8te krisen p\u00e5.<\/p>","DefaultChoices":false,"DataExportTag":"Q14","QuestionType":"MC","Selector":"SAHR","SubSelector":"TX","DataVisibility":{"Private":false,"Hidden":false},"Configuration":{"QuestionDescriptionOption":"UseText","LabelPosition":"BELOW"},"QuestionDescription":"Myndighetene b\u00f8r gjennomf\u00f8re\u00a0en uniform kontantoverf\u00f8ring\u00a0til alle husstander i Norge s\u00e5 raskt so...","Choices":{"1":{"Display":"0 -helt uenig"},"2":{"Display":"1"},"3":{"Display":"2"},"4":{"Display":"3"},"5":{"Display":"4"},"6":{"Display":"5"},"7":{"Display":"6"},"8":{"Display":"7"},"9":{"Display":"8"},"10":{"Display":"9"},"11":{"Display":"10 - helt enig"}},"ChoiceOrder":[1,2,3,4,5,6,7,8,9,10,11],"Validation":{"Settings":{"ForceResponse":"ON","ForceResponseType":"ON","Type":"None"}},"GradingData":[],"Language":[],"NextChoiceId":12,"NextAnswerId":3,"QuestionID":"QID17","QuestionText_Unsafe":"<p>Myndighetene b\u00f8r gjennomf\u00f8re&nbsp;en uniform kontantoverf\u00f8ring&nbsp;til alle husstander i Norge s\u00e5 raskt som mulig, det vil v\u00e6re en effektiv og ubyr\u00e5kratisk m\u00e5te \u00e5 m\u00f8te krisen p\u00e5.<\/p>"}},{"SurveyID":"SV_cAUstB0WKlzxM8J","Element":"SQ","PrimaryAttribute":"QID27","SecondaryAttribute":"Myndighetene etablerer l\u00e5negarantiordning for sm\u00e5- og mellomstore bedrifter.","TertiaryAttribute":null,"Payload":{"QuestionText":"<p>Myndighetene etablerer l\u00e5negarantiordning for sm\u00e5- og mellomstore bedrifter.<\/p><p><br><\/p>","DefaultChoices":false,"DataExportTag":"Q22","QuestionType":"MC","Selector":"SAHR","SubSelector":"TX","DataVisibility":{"Private":false,"Hidden":false},"Configuration":{"QuestionDescriptionOption":"UseText","LabelPosition":"BELOW"},"QuestionDescription":"Myndighetene etablerer l\u00e5negarantiordning for sm\u00e5- og mellomstore bedrifter.","Choices":{"1":{"Display":"0 -helt uenig"},"2":{"Display":"1"},"3":{"Display":"2"},"4":{"Display":"3"},"5":{"Display":"4"},"6":{"Display":"5"},"7":{"Display":"6"},"8":{"Display":"7"},"9":{"Display":"8"},"10":{"Display":"9"},"11":{"Display":"10 - helt enig"}},"ChoiceOrder":[1,2,3,4,5,6,7,8,9,10,11],"Validation":{"Settings":{"ForceResponse":"ON","ForceResponseType":"ON","Type":"None"}},"GradingData":[],"Language":[],"NextChoiceId":12,"NextAnswerId":3,"QuestionID":"QID27","QuestionText_Unsafe":"<p>Myndighetene etablerer l\u00e5negarantiordning for sm\u00e5- og mellomstore bedrifter.<\/p><p><br><\/p>"}},{"SurveyID":"SV_cAUstB0WKlzxM8J","Element":"SQ","PrimaryAttribute":"QID23","SecondaryAttribute":"Myndighetene har gjennom krisepakker innf\u00f8rt en del tiltak. Vi er interessert i \u00e5 vite om du er e.","TertiaryAttribute":null,"Payload":{"QuestionText":"<p><strong>Myndighetene har gjennom krisepakker innf\u00f8rt en del tiltak. Vi er interessert i \u00e5 vite om du er enig eller uenig i disse.<\/strong><\/p>","DefaultChoices":false,"DataExportTag":"Q19","QuestionType":"DB","Selector":"TB","Configuration":{"QuestionDescriptionOption":"UseText"},"QuestionDescription":"Myndighetene har gjennom krisepakker innf\u00f8rt en del tiltak. Vi er interessert i \u00e5 vite om du er e...","ChoiceOrder":[],"Validation":{"Settings":{"Type":"None"}},"GradingData":[],"Language":[],"NextChoiceId":4,"NextAnswerId":1,"QuestionID":"QID23","QuestionText_Unsafe":"<p><strong>Myndighetene har gjennom krisepakker innf\u00f8rt en del tiltak. Vi er interessert i \u00e5 vite om du er enig eller uenig i disse.<\/strong><\/p>","DataVisibility":{"Private":false,"Hidden":false}}},{"SurveyID":"SV_cAUstB0WKlzxM8J","Element":"SQ","PrimaryAttribute":"QID11","SecondaryAttribute":"Myndighetenes kostnader knyttet til coronakrisen b\u00f8r i all hovedsak finansieres fra oljefondet","TertiaryAttribute":null,"Payload":{"QuestionText":"<p>Myndighetenes kostnader knyttet til coronakrisen b\u00f8r i all hovedsak finansieres fra oljefondet<\/p>","DefaultChoices":false,"DataExportTag":"Q9","QuestionType":"MC","Selector":"SAHR","SubSelector":"TX","DataVisibility":{"Private":false,"Hidden":false},"Configuration":{"QuestionDescriptionOption":"UseText","LabelPosition":"BELOW"},"QuestionDescription":"Myndighetenes kostnader knyttet til coronakrisen b\u00f8r i all hovedsak finansieres fra oljefondet","Choices":{"1":{"Display":"0 -helt uenig"},"2":{"Display":"1"},"3":{"Display":"2"},"4":{"Display":"3"},"5":{"Display":"4"},"6":{"Display":"5"},"7":{"Display":"6"},"8":{"Display":"7"},"9":{"Display":"8"},"10":{"Display":"9"},"11":{"Display":"10 - helt enig"}},"ChoiceOrder":[1,2,3,4,5,6,7,8,9,10,11],"Validation":{"Settings":{"ForceResponse":"ON","ForceResponseType":"ON","Type":"None"}},"GradingData":[],"Language":[],"NextChoiceId":12,"NextAnswerId":3,"QuestionID":"QID11","QuestionText_Unsafe":"<p>Myndighetenes kostnader knyttet til coronakrisen b\u00f8r i all hovedsak finansieres fra oljefondet<\/p>"}},{"SurveyID":"SV_cAUstB0WKlzxM8J","Element":"SQ","PrimaryAttribute":"QID19","SecondaryAttribute":"Myndighetenes smitteverntiltak for \u00e5 bekjempe coronakrisen er for omfattende i Norge.","TertiaryAttribute":null,"Payload":{"QuestionText":"<p>Myndighetenes smitteverntiltak for \u00e5 bekjempe coronakrisen er for omfattende i Norge.<\/p>","DefaultChoices":false,"DataExportTag":"Q15","QuestionType":"MC","Selector":"SAHR","SubSelector":"TX","DataVisibility":{"Private":false,"Hidden":false},"Configuration":{"QuestionDescriptionOption":"UseText","LabelPosition":"BELOW"},"QuestionDescription":"Myndighetenes smitteverntiltak for \u00e5 bekjempe coronakrisen er for omfattende i Norge.","Choices":{"1":{"Display":"0 -helt uenig"},"2":{"Display":"1"},"3":{"Display":"2"},"4":{"Display":"3"},"5":{"Display":"4"},"6":{"Display":"5"},"7":{"Display":"6"},"8":{"Display":"7"},"9":{"Display":"8"},"10":{"Display":"9"},"11":{"Display":"10 - helt enig"}},"ChoiceOrder":[1,2,3,4,5,6,7,8,9,10,11],"Validation":{"Settings":{"ForceResponse":"ON","ForceResponseType":"ON","Type":"None"}},"GradingData":[],"Language":[],"NextChoiceId":12,"NextAnswerId":3,"QuestionID":"QID19","QuestionText_Unsafe":"<p>Myndighetenes smitteverntiltak for \u00e5 bekjempe coronakrisen er for omfattende i Norge.<\/p>"}},{"SurveyID":"SV_cAUstB0WKlzxM8J","Element":"SQ","PrimaryAttribute":"QID10","SecondaryAttribute":"P\u00e5 lang sikt vil coronakrisen f\u00f8re til omfattende begrensninger p\u00e5 internasjonal handel og mobili","TertiaryAttribute":null,"Payload":{"QuestionText":"P\u00e5 lang sikt vil coronakrisen f\u00f8re til omfattende begrensninger p\u00e5 internasjonal handel og mobilitet av arbeidskraft og kapital.","DefaultChoices":false,"DataExportTag":"Q6","QuestionType":"MC","Selector":"SAHR","SubSelector":"TX","DataVisibility":{"Private":false,"Hidden":false},"Configuration":{"QuestionDescriptionOption":"UseText","LabelPosition":"BELOW"},"QuestionDescription":"P\u00e5 lang sikt vil coronakrisen f\u00f8re til omfattende begrensninger p\u00e5 internasjonal handel og mobili...","Choices":{"1":{"Display":"0 -helt uenig"},"2":{"Display":"1"},"3":{"Display":"2"},"4":{"Display":"3"},"5":{"Display":"4"},"6":{"Display":"5"},"7":{"Display":"6"},"8":{"Display":"7"},"9":{"Display":"8"},"10":{"Display":"9"},"11":{"Display":"10 - helt enig"}},"ChoiceOrder":[1,2,3,4,5,6,7,8,9,10,11],"Validation":{"Settings":{"ForceResponse":"ON","ForceResponseType":"ON","Type":"None"}},"GradingData":[],"Language":[],"NextChoiceId":12,"NextAnswerId":3,"QuestionID":"QID10","QuestionText_Unsafe":"P\u00e5 lang sikt vil coronakrisen f\u00f8re til omfattende begrensninger p\u00e5 internasjonal handel og mobilitet av arbeidskraft og kapital."}},{"SurveyID":"SV_cAUstB0WKlzxM8J","Element":"SQ","PrimaryAttribute":"QID15","SecondaryAttribute":"Personer som er permitterte som en f\u00f8lge av myndighetenes smitteverntiltak b\u00f8r f\u00e5 full l\u00f8nnskomp","TertiaryAttribute":null,"Payload":{"QuestionText":"<p>Personer som er permitterte som en f\u00f8lge av myndighetenes smitteverntiltak b\u00f8r f\u00e5 full l\u00f8nnskompensasjon s\u00e5 lenge smitteverntiltakene vedvarer.<\/p>","DefaultChoices":false,"DataExportTag":"Q13","QuestionType":"MC","Selector":"SAHR","SubSelector":"TX","DataVisibility":{"Private":false,"Hidden":false},"Configuration":{"QuestionDescriptionOption":"UseText","LabelPosition":"BELOW"},"QuestionDescription":"Personer som er permitterte som en f\u00f8lge av myndighetenes smitteverntiltak b\u00f8r f\u00e5 full l\u00f8nnskompe...","Choices":{"1":{"Display":"0 -helt uenig"},"2":{"Display":"1"},"3":{"Display":"2"},"4":{"Display":"3"},"5":{"Display":"4"},"6":{"Display":"5"},"7":{"Display":"6"},"8":{"Display":"7"},"9":{"Display":"8"},"10":{"Display":"9"},"11":{"Display":"10 - helt enig"}},"ChoiceOrder":[1,2,3,4,5,6,7,8,9,10,11],"Validation":{"Settings":{"ForceResponse":"ON","ForceResponseType":"ON","Type":"None"}},"GradingData":[],"Language":[],"NextChoiceId":12,"NextAnswerId":3,"QuestionID":"QID15","QuestionText_Unsafe":"<p>Personer som er permitterte som en f\u00f8lge av myndighetenes smitteverntiltak b\u00f8r f\u00e5 full l\u00f8nnskompensasjon s\u00e5 lenge smitteverntiltakene vedvarer.<\/p>"}},{"SurveyID":"SV_cAUstB0WKlzxM8J","Element":"SQ","PrimaryAttribute":"QID25","SecondaryAttribute":"Staten dekker en andel av de faste kostnadene for bedrifter som har betydelig nedgang i omsetning...","TertiaryAttribute":null,"Payload":{"QuestionText":"<p>Staten dekker en andel av de faste kostnadene for bedrifter som har betydelig nedgang i omsetningen som f\u00f8lge av smitteverntiltakene.<\/p>","DefaultChoices":false,"DataExportTag":"Q20","QuestionType":"MC","Selector":"SAHR","SubSelector":"TX","DataVisibility":{"Private":false,"Hidden":false},"Configuration":{"QuestionDescriptionOption":"UseText","LabelPosition":"BELOW"},"QuestionDescription":"Staten dekker en andel av de faste kostnadene for bedrifter som har betydelig nedgang i omsetning...","Choices":{"1":{"Display":"0 -helt uenig"},"2":{"Display":"1"},"3":{"Display":"2"},"4":{"Display":"3"},"5":{"Display":"4"},"6":{"Display":"5"},"7":{"Display":"6"},"8":{"Display":"7"},"9":{"Display":"8"},"10":{"Display":"9"},"11":{"Display":"10 - helt enig"}},"ChoiceOrder":[1,2,3,4,5,6,7,8,9,10,11],"Validation":{"Settings":{"ForceResponse":"ON","ForceResponseType":"ON","Type":"None"}},"GradingData":[],"Language":[],"NextChoiceId":12,"NextAnswerId":3,"QuestionID":"QID25","QuestionText_Unsafe":"<p>Staten dekker en andel av de faste kostnadene for bedrifter som har betydelig nedgang i omsetningen som f\u00f8lge av smitteverntiltakene.<\/p>"}},{"SurveyID":"SV_cAUstB0WKlzxM8J","Element":"SQ","PrimaryAttribute":"QID1","SecondaryAttribute":"Velkommen. \u00a0 I forbindelse med COVID-19 utbruddet i Norge \u00f8nsker vi \u00e5 skape en oversikt over omr","TertiaryAttribute":null,"Payload":{"QuestionText":"<div style=\"text-align: justify;\"><p>Velkommen.<br>\n&nbsp;<\/p>\n\n<p>I forbindelse med COVID-19 utbruddet i Norge \u00f8nsker vi \u00e5 skape en oversikt over omr\u00e5dene norske \u00f8konomer er enige om og hvor det hersker faglig uenighet.&nbsp;<\/p>\n\n<p>&nbsp;<\/p>\n\n<p>P\u00e5 de f\u00f8lgende sidene vil vi derfor stille deg noen enkle sp\u00f8rsm\u00e5l som vi h\u00e5per du kan ta stilling til.&nbsp; Unders\u00f8kelsen vil vare i ca. 10 minutter.&nbsp;&nbsp;<\/p>\n\n<p>&nbsp;<\/p>\n\n<p>All informasjon du oppgir i dette skjemaet vil bli behandlet strengt fortrolig og i samsvar med personvernregelverket.&nbsp;Svarene dine er anonymisert og all data vil kun brukes i aggregert form. For \u00e5 kunne g\u00e5 videre, be vi deg bekrefte at du er en samfunns\u00f8konom ansatt ved en akademisk institusjon i Norge.&nbsp;<\/p>\n\n<p>&nbsp;<\/p>\n\n<p>Jeg bekrefter med dette at jeg er en samfunns\u00f8konom ansatt ved en akademisk institusjon i Norge.<\/p>\n\n<p>&nbsp;&nbsp;<\/p><\/div>","DefaultChoices":false,"DataExportTag":"Q1","QuestionID":"QID1","QuestionType":"MC","Selector":"SAVR","SubSelector":"TX","DataVisibility":{"Private":false,"Hidden":false},"Configuration":{"QuestionDescriptionOption":"UseText"},"QuestionDescription":"Velkommen. \u00a0 I forbindelse med COVID-19 utbruddet i Norge \u00f8nsker vi \u00e5 skape en oversikt over omr\u00e5...","Choices":{"4":{"Display":"Ja"},"5":{"Display":"Nei"}},"ChoiceOrder":["4","5"],"Validation":{"Settings":{"ForceResponse":"OFF","ForceResponseType":"ON","Type":"None"}},"GradingData":[],"Language":[],"NextChoiceId":7,"NextAnswerId":1,"RecodeValues":{"4":"1","5":"0"},"QuestionText_Unsafe":"<div style=\"text-align: justify;\"><p>Velkommen.<br>\n&nbsp;<\/p>\n\n<p>I forbindelse med COVID-19 utbruddet i Norge \u00f8nsker vi \u00e5 skape en oversikt over omr\u00e5dene norske \u00f8konomer er enige om og hvor det hersker faglig uenighet.&nbsp;<\/p>\n\n<p>&nbsp;<\/p>\n\n<p>P\u00e5 de f\u00f8lgende sidene vil vi derfor stille deg noen enkle sp\u00f8rsm\u00e5l som vi h\u00e5per du kan ta stilling til.&nbsp; Unders\u00f8kelsen vil vare i ca. 10 minutter.&nbsp;&nbsp;<\/p>\n\n<p>&nbsp;<\/p>\n\n<p>All informasjon du oppgir i dette skjemaet vil bli behandlet strengt fortrolig og i samsvar med personvernregelverket.&nbsp;Svarene dine er anonymisert og all data vil kun brukes i aggregert form. For \u00e5 kunne g\u00e5 videre, be vi deg bekrefte at du er en samfunns\u00f8konom ansatt ved en akademisk institusjon i Norge.&nbsp;<\/p>\n\n<p>&nbsp;<\/p>\n\n<p>Jeg bekrefter med dette at jeg er en samfunns\u00f8konom ansatt ved en akademisk institusjon i Norge.<\/p>\n\n<p>&nbsp;&nbsp;<\/p><\/div>"}},{"SurveyID":"SV_cAUstB0WKlzxM8J","Element":"SQ","PrimaryAttribute":"QID28","SecondaryAttribute":"Vi \u00f8nsker avslutningsvis \u00e5 stille deg noen generelle sp\u00f8rsm\u00e5l med mulighet for mer utfyllende ko","TertiaryAttribute":null,"Payload":{"QuestionText":"<p><strong>Vi \u00f8nsker avslutningsvis \u00e5 stille deg noen generelle sp\u00f8rsm\u00e5l med mulighet for mer utfyllende kommentarer:<\/strong><\/p>","DefaultChoices":false,"DataExportTag":"Q23","QuestionType":"DB","Selector":"TB","Configuration":{"QuestionDescriptionOption":"UseText"},"QuestionDescription":"Vi \u00f8nsker avslutningsvis \u00e5 stille deg noen generelle sp\u00f8rsm\u00e5l med mulighet for mer utfyllende kom...","ChoiceOrder":[],"Validation":{"Settings":{"Type":"None"}},"GradingData":[],"Language":[],"NextChoiceId":4,"NextAnswerId":1,"QuestionID":"QID28","QuestionText_Unsafe":"<p><strong>Vi \u00f8nsker avslutningsvis \u00e5 stille deg noen generelle sp\u00f8rsm\u00e5l med mulighet for mer utfyllende kommentarer:<\/strong><\/p>","DataVisibility":{"Private":false,"Hidden":false}}}]}